
Microsoft Visual Studio Solution File, Format Version 12.00
# Visual Studio Version 17
VisualStudioVersion = 17.8.34511.84
MinimumVisualStudioVersion = 10.0.40219.1
Project("{2150E333-8FDC-42A3-9474-1A3956D46DE8}") = "FrontEnd", "FrontEnd", "{51C3398B-CB5B-4F38-AC44-33AC4B8A27C4}"
EndProject
Project("{2150E333-8FDC-42A3-9474-1A3956D46DE8}") = "Gateway", "Gateway", "{B5E136EF-0FE4-42CC-822A-0FC8D2A2C708}"
EndProject
Project("{2150E333-8FDC-42A3-9474-1A3956D46DE8}") = "Integration", "Integration", "{BE5ED811-D4F4-4183-B048-CCE89E429B9A}"
EndProject
Project("{2150E333-8FDC-42A3-9474-1A3956D46DE8}") = "Services", "Services", "{78828CB7-C72B-4FC6-92DE-374CE6ADAAB4}"
EndProject
Project("{9A19103F-16F7-4668-BE54-9A1E7A4F7556}") = "Mango.Services.CouponAPI", "Mango.Services.CouponAPI\Mango.Services.CouponAPI.csproj", "{30457678-F500-4476-81CD-F7190D03938C}"
EndProject
Project("{9A19103F-16F7-4668-BE54-9A1E7A4F7556}") = "Mango.Web", "Mango.Web\Mango.Web.csproj", "{2D984654-937B-4B96-846C-C47AF1CF8C7A}"
EndProject
Project("{FAE04EC0-301F-11D3-BF4B-00C04F79EFBC}") = "Mango.Services.AuthAPI", "Mango.Services.AuthAPI\Mango.Services.AuthAPI.csproj", "{F3CC0E18-45ED-4345-BBAF-39C58D1F803E}"
EndProject
Global
	GlobalSection(SolutionConfigurationPlatforms) = preSolution
		Debug|Any CPU = Debug|Any CPU
		Release|Any CPU = Release|Any CPU
	EndGlobalSection
	GlobalSection(ProjectConfigurationPlatforms) = postSolution
		{30457678-F500-4476-81CD-F7190D03938C}.Debug|Any CPU.ActiveCfg = Debug|Any CPU
		{30457678-F500-4476-81CD-F7190D03938C}.Debug|Any CPU.Build.0 = Debug|Any CPU
		{30457678-F500-4476-81CD-F7190D03938C}.Release|Any CPU.ActiveCfg = Release|Any CPU
		{30457678-F500-4476-81CD-F7190D03938C}.Release|Any CPU.Build.0 = Release|Any CPU
		{2D984654-937B-4B96-846C-C47AF1CF8C7A}.Debug|Any CPU.ActiveCfg = Debug|Any CPU
		{2D984654-937B-4B96-846C-C47AF1CF8C7A}.Debug|Any CPU.Build.0 = Debug|Any CPU
		{2D984654-937B-4B96-846C-C47AF1CF8C7A}.Release|Any CPU.ActiveCfg = Release|Any CPU
		{2D984654-937B-4B96-846C-C47AF1CF8C7A}.Release|Any CPU.Build.0 = Release|Any CPU
		{F3CC0E18-45ED-4345-BBAF-39C58D1F803E}.Debug|Any CPU.ActiveCfg = Debug|Any CPU
		{F3CC0E18-45ED-4345-BBAF-39C58D1F803E}.Debug|Any CPU.Build.0 = Debug|Any CPU
		{F3CC0E18-45ED-4345-BBAF-39C58D1F803E}.Release|Any CPU.ActiveCfg = Release|Any CPU
		{F3CC0E18-45ED-4345-BBAF-39C58D1F803E}.Release|Any CPU.Build.0 = Release|Any CPU
	EndGlobalSection
	GlobalSection(SolutionProperties) = preSolution
		HideSolutionNode = FALSE
	EndGlobalSection
	GlobalSection(NestedProjects) = preSolution
		{30457678-F500-4476-81CD-F7190D03938C} = {78828CB7-C72B-4FC6-92DE-374CE6ADAAB4}
		{2D984654-937B-4B96-846C-C47AF1CF8C7A} = {51C3398B-CB5B-4F38-AC44-33AC4B8A27C4}
		{F3CC0E18-45ED-4345-BBAF-39C58D1F803E} = {78828CB7-C72B-4FC6-92DE-374CE6ADAAB4}
	EndGlobalSection
	GlobalSection(ExtensibilityGlobals) = postSolution
		SolutionGuid = {021502B6-75FB-44AA-9453-755929FF6712}
	EndGlobalSection
EndGlobal
